PODS:
  - Flutter (1.0.0)
  - flutter_better_vlc_player (0.0.1):
    - Flutter
    - MobileVLCKit (~> 3.6.1b1)
  - integration_test (0.0.1):
    - Flutter
  - MobileVLCKit (3.6.1b1)

DEPENDENCIES:
  - Flutter (from `Flutter`)
  - flutter_better_vlc_player (from `.symlinks/plugins/flutter_better_vlc_player/ios`)
  - integration_test (from `.symlinks/plugins/integration_test/ios`)

SPEC REPOS:
  trunk:
    - MobileVLCKit

EXTERNAL SOURCES:
  Flutter:
    :path: Flutter
  flutter_better_vlc_player:
    :path: ".symlinks/plugins/flutter_better_vlc_player/ios"
  integration_test:
    :path: ".symlinks/plugins/integration_test/ios"

SPEC CHECKSUMS:
  Flutter: e0871f40cf51350855a761d2e70bf5af5b9b5de7
  flutter_better_vlc_player: 7a70f4719b88d8c9d4793b82a4b5b37f27f388c9
  integration_test: 252f60fa39af5e17c3aa9899d35d908a0721b573
  MobileVLCKit: 2d9c7c373393ae43086aeeff890bf0b1afc15c5c

PODFILE CHECKSUM: 4305caec6b40dde0ae97be1573c53de1882a07e5

COCOAPODS: 1.16.2
